// !$*UTF8*$!
{
	archiveVersion = 1;
	classes = {
	};
	objectVersion = 50;
	objects = {

/* Begin PBXBuildFile section */
		AA7305F0223B242800248F78 /* AppDelegate.swift in Sources */ = {isa = PBXBuildFile; fileRef = AA7305EF223B242800248F78 /* AppDelegate.swift */; };
		AA7305F2223B242800248F78 /* ViewController.swift in Sources */ = {isa = PBXBuildFile; fileRef = AA7305F1223B242800248F78 /* ViewController.swift */; };
		AA7305F5223B242800248F78 /* Main.storyboard in Resources */ = {isa = PBXBuildFile; fileRef = AA7305F3223B242800248F78 /* Main.storyboard */; };
		AA7305F8223B242800248F78 /* Photos.xcdatamodeld in Sources */ = {isa = PBXBuildFile; fileRef = AA7305F6223B242800248F78 /* Photos.xcdatamodeld */; };
		AA7305FA223B242900248F78 /* Assets.xcassets in Resources */ = {isa = PBXBuildFile; fileRef = AA7305F9223B242900248F78 /* Assets.xcassets */; };
		AA7305FD223B242900248F78 /* LaunchScreen.storyboard in Resources */ = {isa = PBXBuildFile; fileRef = AA7305FB223B242900248F78 /* LaunchScreen.storyboard */; };
		AA730608223B242A00248F78 /* PhotosTests.swift in Sources */ = {isa = PBXBuildFile; fileRef = AA730607223B242A00248F78 /* PhotosTests.swift */; };
		AA730613223B242A00248F78 /* PhotosUITests.swift in Sources */ = {isa = PBXBuildFile; fileRef = AA730612223B242A00248F78 /* PhotosUITests.swift */; };
/* End PBXBuildFile section */

/* Begin PBXContainerItemProxy section */
		AA730604223B242A00248F78 /* PBXContainerItemProxy */ = {
			isa = PBXContainerItemProxy;
			containerPortal = AA7305E4223B242800248F78 /* Project object */;
			proxyType = 1;
			remoteGlobalIDString = AA7305EB223B242800248F78;
			remoteInfo = Photos;
		};
		AA73060F223B242A00248F78 /* PBXContainerItemProxy */ = {
			isa = PBXContainerItemProxy;
			containerPortal = AA7305E4223B242800248F78 /* Project object */;
			proxyType = 1;
			remoteGlobalIDString = AA7305EB223B242800248F78;
			remoteInfo = Photos;
		};
/* End PBXContainerItemProxy section */

/* Begin PBXFileReference section */
		AA7305EC223B242800248F78 /* Photos.app */ = {isa = PBXFileReference; explicitFileType = wrapper.application; includeInIndex = 0; path = Photos.app; sourceTree = BUILT_PRODUCTS_DIR; };
		AA7305EF223B242800248F78 /* AppDelegate.swift */ = {isa = PBXFileReference; lastKnownFileType = sourcecode.swift; path = AppDelegate.swift; sourceTree = "<group>"; };
		AA7305F1223B242800248F78 /* ViewController.swift */ = {isa = PBXFileReference; lastKnownFileType = sourcecode.swift; path = ViewController.swift; sourceTree = "<group>"; };
		AA7305F4223B242800248F78 /* Base */ = {isa = PBXFileReference; lastKnownFileType = file.storyboard; name = Base; path = Base.lproj/Main.storyboard; sourceTree = "<group>"; };
		AA7305F7223B242800248F78 /* Photos.xcdatamodel */ = {isa = PBXFileReference; lastKnownFileType = wrapper.xcdatamodel; path = Photos.xcdatamodel; sourceTree = "<group>"; };
		AA7305F9223B242900248F78 /* Assets.xcassets */ = {isa = PBXFileReference; lastKnownFileType = folder.assetcatalog; path = Assets.xcassets; sourceTree = "<group>"; };
		AA7305FC223B242900248F78 /* Base */ = {isa = PBXFileReference; lastKnownFileType = file.storyboard; name = Base; path = Base.lproj/LaunchScreen.storyboard; sourceTree = "<group>"; };
		AA7305FE223B242900248F78 /* Info.plist */ = {isa = PBXFileReference; lastKnownFileType = text.plist.xml; path = Info.plist; sourceTree = "<group>"; };
		AA730603223B242A00248F78 /* PhotosTests.xctest */ = {isa = PBXFileReference; explicitFileType = wrapper.cfbundle; includeInIndex = 0; path = PhotosTests.xctest; sourceTree = BUILT_PRODUCTS_DIR; };
		AA730607223B242A00248F78 /* PhotosTests.swift */ = {isa = PBXFileReference; lastKnownFileType = sourcecode.swift; path = PhotosTests.swift; sourceTree = "<group>"; };
		AA730609223B242A00248F78 /* Info.plist */ = {isa = PBXFileReference; lastKnownFileType = text.plist.xml; path = Info.plist; sourceTree = "<group>"; };
		AA73060E223B242A00248F78 /* PhotosUITests.xctest */ = {isa = PBXFileReference; explicitFileType = wrapper.cfbundle; includeInIndex = 0; path = PhotosUITests.xctest; sourceTree = BUILT_PRODUCTS_DIR; };
		AA730612223B242A00248F78 /* PhotosUITests.swift */ = {isa = PBXFileReference; lastKnownFileType = sourcecode.swift; path = PhotosUITests.swift; sourceTree = "<group>"; };
		AA730614223B242A00248F78 /* Info.plist */ = {isa = PBXFileReference; lastKnownFileType = text.plist.xml; path = Info.plist; sourceTree = "<group>"; };
/* End PBXFileReference section */

/* Begin PBXFrameworksBuildPhase section */
		AA7305E9223B242800248F78 /* Frameworks */ = {
			isa = PBXFrameworksBuildPhase;
			buildActionMask = 2147483647;
			files = (
			);
			runOnlyForDeploymentPostprocessing = 0;
		};
		AA730600223B242A00248F78 /* Frameworks */ = {
			isa = PBXFrameworksBuildPhase;
			buildActionMask = 2147483647;
			files = (
			);
			runOnlyForDeploymentPostprocessing = 0;
		};
		AA73060B223B242A00248F78 /* Frameworks */ = {
			isa = PBXFrameworksBuildPhase;
			buildActionMask = 2147483647;
			files = (
			);
			runOnlyForDeploymentPostprocessing = 0;
		};
/* End PBXFrameworksBuildPhase section */

/* Begin PBXGroup section */
		AA7305E3223B242800248F78 = {
			isa = PBXGroup;
			children = (
				AA7305EE223B242800248F78 /* Photos */,
				AA730606223B242A00248F78 /* PhotosTests */,
				AA730611223B242A00248F78 /* PhotosUITests */,
				AA7305ED223B242800248F78 /* Products */,
			);
			sourceTree = "<group>";
		};
		AA7305ED223B242800248F78 /* Products */ = {
			isa = PBXGroup;
			children = (
				AA7305EC223B242800248F78 /* Photos.app */,
				AA730603223B242A00248F78 /* PhotosTests.xctest */,
				AA73060E223B242A00248F78 /* PhotosUITests.xctest */,
			);
			name = Products;
			sourceTree = "<group>";
		};
		AA7305EE223B242800248F78 /* Photos */ = {
			isa = PBXGroup;
			children = (
				AA7305EF223B242800248F78 /* AppDelegate.swift */,
				AA7305F1223B242800248F78 /* ViewController.swift */,
				AA7305F3223B242800248F78 /* Main.storyboard */,
				AA7305F9223B242900248F78 /* Assets.xcassets */,
				AA7305FB223B242900248F78 /* LaunchScreen.storyboard */,
				AA7305FE223B242900248F78 /* Info.plist */,
				AA7305F6223B242800248F78 /* Photos.xcdatamodeld */,
			);
			path = Photos;
			sourceTree = "<group>";
		};
		AA730606223B242A00248F78 /* PhotosTests */ = {
			isa = PBXGroup;
			children = (
				AA730607223B242A00248F78 /* PhotosTests.swift */,
				AA730609223B242A00248F78 /* Info.plist */,
			);
			path = PhotosTests;
			sourceTree = "<group>";
		};
		AA730611223B242A00248F78 /* PhotosUITests */ = {
			isa = PBXGroup;
			children = (
				AA730612223B242A00248F78 /* PhotosUITests.swift */,
				AA730614223B242A00248F78 /* Info.plist */,
			);
			path = PhotosUITests;
			sourceTree = "<group>";
		};
/* End PBXGroup section */

/* Begin PBXNativeTarget section */
		AA7305EB223B242800248F78 /* Photos */ = {
			isa = PBXNativeTarget;
			buildConfigurationList = AA730617223B242A00248F78 /* Build configuration list for PBXNativeTarget "Photos" */;
			buildPhases = (
				AA7305E8223B242800248F78 /* Sources */,
				AA7305E9223B242800248F78 /* Frameworks */,
				AA7305EA223B242800248F78 /* Resources */,
			);
			buildRules = (
			);
			dependencies = (
			);
			name = Photos;
			productName = Photos;
			productReference = AA7305EC223B242800248F78 /* Photos.app */;
			productType = "com.apple.product-type.application";
		};
		AA730602223B242A00248F78 /* PhotosTests */ = {
			isa = PBXNativeTarget;
			buildConfigurationList = AA73061A223B242A00248F78 /* Build configuration list for PBXNativeTarget "PhotosTests" */;
			buildPhases = (
				AA7305FF223B242A00248F78 /* Sources */,
				AA730600223B242A00248F78 /* Frameworks */,
				AA730601223B242A00248F78 /* Resources */,
			);
			buildRules = (
			);
			dependencies = (
				AA730605223B242A00248F78 /* PBXTargetDependency */,
			);
			name = PhotosTests;
			productName = PhotosTests;
			productReference = AA730603223B242A00248F78 /* PhotosTests.xctest */;
			productType = "com.apple.product-type.bundle.unit-test";
		};
		AA73060D223B242A00248F78 /* PhotosUITests */ = {
			isa = PBXNativeTarget;
			buildConfigurationList = AA73061D223B242A00248F78 /* Build configuration list for PBXNativeTarget "PhotosUITests" */;
			buildPhases = (
				AA73060A223B242A00248F78 /* Sources */,
				AA73060B223B242A00248F78 /* Frameworks */,
				AA73060C223B242A00248F78 /* Resources */,
			);
			buildRules = (
			);
			dependencies = (
				AA730610223B242A00248F78 /* PBXTargetDependency */,
			);
			name = PhotosUITests;
			productName = PhotosUITests;
			productReference = AA73060E223B242A00248F78 /* PhotosUITests.xctest */;
			productType = "com.apple.product-type.bundle.ui-testing";
		};
/* End PBXNativeTarget section */

/* Begin PBXProject section */
		AA7305E4223B242800248F78 /* Project object */ = {
			isa = PBXProject;
			attributes = {
				LastSwiftUpdateCheck = 1010;
				LastUpgradeCheck = 1010;
				ORGANIZATIONNAME = "Austin Sizemore";
				TargetAttributes = {
					AA7305EB223B242800248F78 = {
						CreatedOnToolsVersion = 10.1;
					};
					AA730602223B242A00248F78 = {
						CreatedOnToolsVersion = 10.1;
						TestTargetID = AA7305EB223B242800248F78;
					};
					AA73060D223B242A00248F78 = {
						CreatedOnToolsVersion = 10.1;
						TestTargetID = AA7305EB223B242800248F78;
					};
				};
			};
			buildConfigurationList = AA7305E7223B242800248F78 /* Build configuration list for PBXProject "Photos" */;
			compatibilityVersion = "Xcode 9.3";
			developmentRegion = en;
			hasScannedForEncodings = 0;
			knownRegions = (
				en,
				Base,
			);
			mainGroup = AA7305E3223B242800248F78;
			productRefGroup = AA7305ED223B242800248F78 /* Products */;
			projectDirPath = "";
			projectRoot = "";
			targets = (
				AA7305EB223B242800248F78 /* Photos */,
				AA730602223B242A00248F78 /* PhotosTests */,
				AA73060D223B242A00248F78 /* PhotosUITests */,
			);
		};
/* End PBXProject section */

/* Begin PBXResourcesBuildPhase section */
		AA7305EA223B242800248F78 /* Resources */ = {
			isa = PBXResourcesBuildPhase;
			buildActionMask = 2147483647;
			files = (
				AA7305FD223B242900248F78 /* LaunchScreen.storyboard in Resources */,
				AA7305FA223B242900248F78 /* Assets.xcassets in Resources */,
				AA7305F5223B242800248F78 /* Main.storyboard in Resources */,
			);
			runOnlyForDeploymentPostprocessing = 0;
		};
		AA730601223B242A00248F78 /* Resources */ = {
			isa = PBXResourcesBuildPhase;
			buildActionMask = 2147483647;
			files = (
			);
			runOnlyForDeploymentPostprocessing = 0;
		};
		AA73060C223B242A00248F78 /* Resources */ = {
			isa = PBXResourcesBuildPhase;
			buildActionMask = 2147483647;
			files = (
			);
			runOnlyForDeploymentPostprocessing = 0;
		};
/* End PBXResourcesBuildPhase section */

/* Begin PBXSourcesBuildPhase section */
		AA7305E8223B242800248F78 /* Sources */ = {
			isa = PBXSourcesBuildPhase;
			buildActionMask = 2147483647;
			files = (
				AA7305F8223B242800248F78 /* Photos.xcdatamodeld in Sources */,
				AA7305F2223B242800248F78 /* ViewController.swift in Sources */,
				AA7305F0223B242800248F78 /* AppDelegate.swift in Sources */,
			);
			runOnlyForDeploymentPostprocessing = 0;
		};
		AA7305FF223B242A00248F78 /* Sources */ = {
			isa = PBXSourcesBuildPhase;
			buildActionMask = 2147483647;
			files = (
				AA730608223B242A00248F78 /* PhotosTests.swift in Sources */,
			);
			runOnlyForDeploymentPostprocessing = 0;
		};
		AA73060A223B242A00248F78 /* Sources */ = {
			isa = PBXSourcesBuildPhase;
			buildActionMask = 2147483647;
			files = (
				AA730613223B242A00248F78 /* PhotosUITests.swift in Sources */,
			);
			runOnlyForDeploymentPostprocessing = 0;
		};
/* End PBXSourcesBuildPhase section */

/* Begin PBXTargetDependency section */
		AA730605223B242A00248F78 /* PBXTargetDependency */ = {
			isa = PBXTargetDependency;
			target = AA7305EB223B242800248F78 /* Photos */;
			targetProxy = AA730604223B242A00248F78 /* PBXContainerItemProxy */;
		};
		AA730610223B242A00248F78 /* PBXTargetDependency */ = {
			isa = PBXTargetDependency;
			target = AA7305EB223B242800248F78 /* Photos */;
			targetProxy = AA73060F223B242A00248F78 /* PBXContainerItemProxy */;
		};
/* End PBXTargetDependency section */

/* Begin PBXVariantGroup section */
		AA7305F3223B242800248F78 /* Main.storyboard */ = {
			isa = PBXVariantGroup;
			children = (
				AA7305F4223B242800248F78 /* Base */,
			);
			name = Main.storyboard;
			sourceTree = "<group>";
		};
		AA7305FB223B242900248F78 /* LaunchScreen.storyboard */ = {
			isa = PBXVariantGroup;
			children = (
				AA7305FC223B242900248F78 /* Base */,
			);
			name = LaunchScreen.storyboard;
			sourceTree = "<group>";
		};
/* End PBXVariantGroup section */

/* Begin XCBuildConfiguration section */
		AA730615223B242A00248F78 /* Debug */ = {
			isa = XCBuildConfiguration;
			buildSettings = {
				ALWAYS_SEARCH_USER_PATHS = NO;
				CLANG_ANALYZER_NONNULL = YES;
				CLANG_ANALYZER_NUMBER_OBJECT_CONVERSION = YES_AGGRESSIVE;
				CLANG_CXX_LANGUAGE_STANDARD = "gnu++14";
				CLANG_CXX_LIBRARY = "libc++";
				CLANG_ENABLE_MODULES = YES;
				CLANG_ENABLE_OBJC_ARC = YES;
				CLANG_ENABLE_OBJC_WEAK = YES;
				CLANG_WARN_BLOCK_CAPTURE_AUTORELEASING = YES;
				CLANG_WARN_BOOL_CONVERSION = YES;
				CLANG_WARN_COMMA = YES;
				CLANG_WARN_CONSTANT_CONVERSION = YES;
				CLANG_WARN_DEPRECATED_OBJC_IMPLEMENTATIONS = YES;
				CLANG_WARN_DIRECT_OBJC_ISA_USAGE = YES_ERROR;
				CLANG_WARN_DOCUMENTATION_COMMENTS = YES;
				CLANG_WARN_EMPTY_BODY = YES;
				CLANG_WARN_ENUM_CONVERSION = YES;
				CLANG_WARN_INFINITE_RECURSION = YES;
				CLANG_WARN_INT_CONVERSION = YES;
				CLANG_WARN_NON_LITERAL_NULL_CONVERSION = YES;
				CLANG_WARN_OBJC_IMPLICIT_RETAIN_SELF = YES;
				CLANG_WARN_OBJC_LITERAL_CONVERSION = YES;
				CLANG_WARN_OBJC_ROOT_CLASS = YES_ERROR;
				CLANG_WARN_RANGE_LOOP_ANALYSIS = YES;
				CLANG_WARN_STRICT_PROTOTYPES = YES;
				CLANG_WARN_SUSPICIOUS_MOVE = YES;
				CLANG_WARN_UNGUARDED_AVAILABILITY = YES_AGGRESSIVE;
				CLANG_WARN_UNREACHABLE_CODE = YES;
				CLANG_WARN__DUPLICATE_METHOD_MATCH = YES;
				CODE_SIGN_IDENTITY = "iPhone Developer";
				COPY_PHASE_STRIP = NO;
				DEBUG_INFORMATION_FORMAT = dwarf;
				ENABLE_STRICT_OBJC_MSGSEND = YES;
				ENABLE_TESTABILITY = YES;
				GCC_C_LANGUAGE_STANDARD = gnu11;
				GCC_DYNAMIC_NO_PIC = NO;
				GCC_NO_COMMON_BLOCKS = YES;
				GCC_OPTIMIZATION_LEVEL = 0;
				GCC_PREPROCESSOR_DEFINITIONS = (
					"DEBUG=1",
					"$(inherited)",
				);
				GCC_WARN_64_TO_32_BIT_CONVERSION = YES;
				GCC_WARN_ABOUT_RETURN_TYPE = YES_ERROR;
				GCC_WARN_UNDECLARED_SELECTOR = YES;
				GCC_WARN_UNINITIALIZED_AUTOS = YES_AGGRESSIVE;
				GCC_WARN_UNUSED_FUNCTION = YES;
				GCC_WARN_UNUSED_VARIABLE = YES;
				IPHONEOS_DEPLOYMENT_TARGET = 12.1;
				MTL_ENABLE_DEBUG_INFO = INCLUDE_SOURCE;
				MTL_FAST_MATH = YES;
				ONLY_ACTIVE_ARCH = YES;
				SDKROOT = iphoneos;
				SWIFT_ACTIVE_COMPILATION_CONDITIONS = DEBUG;
				SWIFT_OPTIMIZATION_LEVEL = "-Onone";
			};
			name = Debug;
		};
		AA730616223B242A00248F78 /* Release */ = {
			isa = XCBuildConfiguration;
			buildSettings = {
				ALWAYS_SEARCH_USER_PATHS = NO;
				CLANG_ANALYZER_NONNULL = YES;
				CLANG_ANALYZER_NUMBER_OBJECT_CONVERSION = YES_AGGRESSIVE;
				CLANG_CXX_LANGUAGE_STANDARD = "gnu++14";
				CLANG_CXX_LIBRARY = "libc++";
				CLANG_ENABLE_MODULES = YES;
				CLANG_ENABLE_OBJC_ARC = YES;
				CLANG_ENABLE_OBJC_WEAK = YES;
				CLANG_WARN_BLOCK_CAPTURE_AUTORELEASING = YES;
				CLANG_WARN_BOOL_CONVERSION = YES;
				CLANG_WARN_COMMA = YES;
				CLANG_WARN_CONSTANT_CONVERSION = YES;
				CLANG_WARN_DEPRECATED_OBJC_IMPLEMENTATIONS = YES;
				CLANG_WARN_DIRECT_OBJC_ISA_USAGE = YES_ERROR;
				CLANG_WARN_DOCUMENTATION_COMMENTS = YES;
				CLANG_WARN_EMPTY_BODY = YES;
				CLANG_WARN_ENUM_CONVERSION = YES;
				CLANG_WARN_INFINITE_RECURSION = YES;
				CLANG_WARN_INT_CONVERSION = YES;
				CLANG_WARN_NON_LITERAL_NULL_CONVERSION = YES;
				CLANG_WARN_OBJC_IMPLICIT_RETAIN_SELF = YES;
				CLANG_WARN_OBJC_LITERAL_CONVERSION = YES;
				CLANG_WARN_OBJC_ROOT_CLASS = YES_ERROR;
				CLANG_WARN_RANGE_LOOP_ANALYSIS = YES;
				CLANG_WARN_STRICT_PROTOTYPES = YES;
				CLANG_WARN_SUSPICIOUS_MOVE = YES;
				CLANG_WARN_UNGUARDED_AVAILABILITY = YES_AGGRESSIVE;
				CLANG_WARN_UNREACHABLE_CODE = YES;
				CLANG_WARN__DUPLICATE_METHOD_MATCH = YES;
				CODE_SIGN_IDENTITY = "iPhone Developer";
				COPY_PHASE_STRIP = NO;
				DEBUG_INFORMATION_FORMAT = "dwarf-with-dsym";
				ENABLE_NS_ASSERTIONS = NO;
				ENABLE_STRICT_OBJC_MSGSEND = YES;
				GCC_C_LANGUAGE_STANDARD = gnu11;
				GCC_NO_COMMON_BLOCKS = YES;
				GCC_WARN_64_TO_32_BIT_CONVERSION = YES;
				GCC_WARN_ABOUT_RETURN_TYPE = YES_ERROR;
				GCC_WARN_UNDECLARED_SELECTOR = YES;
				GCC_WARN_UNINITIALIZED_AUTOS = YES_AGGRESSIVE;
				GCC_WARN_UNUSED_FUNCTION = YES;
				GCC_WARN_UNUSED_VARIABLE = YES;
				IPHONEOS_DEPLOYMENT_TARGET = 12.1;
				MTL_ENABLE_DEBUG_INFO = NO;
				MTL_FAST_MATH = YES;
				SDKROOT = iphoneos;
				SWIFT_COMPILATION_MODE = wholemodule;
				SWIFT_OPTIMIZATION_LEVEL = "-O";
				VALIDATE_PRODUCT = YES;
			};
			name = Release;
		};
		AA730618223B242A00248F78 /* Debug */ = {
			isa = XCBuildConfiguration;
			buildSettings = {
				ASSETCATALOG_COMPILER_APPICON_NAME = AppIcon;
				CODE_SIGN_STYLE = Automatic;
				DEVELOPMENT_TEAM = P82732L46C;
				INFOPLIST_FILE = Photos/Info.plist;
				LD_RUNPATH_SEARCH_PATHS = (
					"$(inherited)",
					"@executable_path/Frameworks",
				);
				PRODUCT_BUNDLE_IDENTIFIER = com.AustinSizemore.Photos;
				PRODUCT_NAME = "$(TARGET_NAME)";
				SWIFT_VERSION = 4.2;
				TARGETED_DEVICE_FAMILY = "1,2";
			};
			name = Debug;
		};
		AA730619223B242A00248F78 /* Release */ = {
			isa = XCBuildConfiguration;
			buildSettings = {
				ASSETCATALOG_COMPILER_APPICON_NAME = AppIcon;
				CODE_SIGN_STYLE = Automatic;
				DEVELOPMENT_TEAM = P82732L46C;
				INFOPLIST_FILE = Photos/Info.plist;
				LD_RUNPATH_SEARCH_PATHS = (
					"$(inherited)",
					"@executable_path/Frameworks",
				);
				PRODUCT_BUNDLE_IDENTIFIER = com.AustinSizemore.Photos;
				PRODUCT_NAME = "$(TARGET_NAME)";
				SWIFT_VERSION = 4.2;
				TARGETED_DEVICE_FAMILY = "1,2";
			};
			name = Release;
		};
		AA73061B223B242A00248F78 /* Debug */ = {
			isa = XCBuildConfiguration;
			buildSettings = {
				ALWAYS_EMBED_SWIFT_STANDARD_LIBRARIES = YES;
				BUNDLE_LOADER = "$(TEST_HOST)";
				CODE_SIGN_STYLE = Automatic;
				INFOPLIST_FILE = PhotosTests/Info.plist;
				LD_RUNPATH_SEARCH_PATHS = (
					"$(inherited)",
					"@executable_path/Frameworks",
					"@loader_path/Frameworks",
				);
				PRODUCT_BUNDLE_IDENTIFIER = com.AustinSizemore.PhotosTests;
				PRODUCT_NAME = "$(TARGET_NAME)";
				SWIFT_VERSION = 4.2;
				TARGETED_DEVICE_FAMILY = "1,2";
				TEST_HOST = "$(BUILT_PRODUCTS_DIR)/Photos.app/Photos";
			};
			name = Debug;
		};
		AA73061C223B242A00248F78 /* Release */ = {
			isa = XCBuildConfiguration;
			buildSettings = {
				ALWAYS_EMBED_SWIFT_STANDARD_LIBRARIES = YES;
				BUNDLE_LOADER = "$(TEST_HOST)";
				CODE_SIGN_STYLE = Automatic;
				INFOPLIST_FILE = PhotosTests/Info.plist;
				LD_RUNPATH_SEARCH_PATHS = (
					"$(inherited)",
					"@executable_path/Frameworks",
					"@loader_path/Frameworks",
				);
				PRODUCT_BUNDLE_IDENTIFIER = com.AustinSizemore.PhotosTests;
				PRODUCT_NAME = "$(TARGET_NAME)";
				SWIFT_VERSION = 4.2;
				TARGETED_DEVICE_FAMILY = "1,2";
				TEST_HOST = "$(BUILT_PRODUCTS_DIR)/Photos.app/Photos";
			};
			name = Release;
		};
		AA73061E223B242A00248F78 /* Debug */ = {
			isa = XCBuildConfiguration;
			buildSettings = {
				ALWAYS_EMBED_SWIFT_STANDARD_LIBRARIES = YES;
				CODE_SIGN_STYLE = Automatic;
				INFOPLIST_FILE = PhotosUITests/Info.plist;
				LD_RUNPATH_SEARCH_PATHS = (
					"$(inherited)",
					"@executable_path/Frameworks",
					"@loader_path/Frameworks",
				);
				PRODUCT_BUNDLE_IDENTIFIER = com.AustinSizemore.PhotosUITests;
				PRODUCT_NAME = "$(TARGET_NAME)";
				SWIFT_VERSION = 4.2;
				TARGETED_DEVICE_FAMILY = "1,2";
				TEST_TARGET_NAME = Photos;
			};
			name = Debug;
		};
		AA73061F223B242A00248F78 /* Release */ = {
			isa = XCBuildConfiguration;
			buildSettings = {
				ALWAYS_EMBED_SWIFT_STANDARD_LIBRARIES = YES;
				CODE_SIGN_STYLE = Automatic;
				INFOPLIST_FILE = PhotosUITests/Info.plist;
				LD_RUNPATH_SEARCH_PATHS = (
					"$(inherited)",
					"@executable_path/Frameworks",
					"@loader_path/Frameworks",
				);
				PRODUCT_BUNDLE_IDENTIFIER = com.AustinSizemore.PhotosUITests;
				PRODUCT_NAME = "$(TARGET_NAME)";
				SWIFT_VERSION = 4.2;
				TARGETED_DEVICE_FAMILY = "1,2";
				TEST_TARGET_NAME = Photos;
			};
			name = Release;
		};
/* End XCBuildConfiguration section */

/* Begin XCConfigurationList section */
		AA7305E7223B242800248F78 /* Build configuration list for PBXProject "Photos" */ = {
			isa = XCConfigurationList;
			buildConfigurations = (
				AA730615223B242A00248F78 /* Debug */,
				AA730616223B242A00248F78 /* Release */,
			);
			defaultConfigurationIsVisible = 0;
			defaultConfigurationName = Release;
		};
		AA730617223B242A00248F78 /* Build configuration list for PBXNativeTarget "Photos" */ = {
			isa = XCConfigurationList;
			buildConfigurations = (
				AA730618223B242A00248F78 /* Debug */,
				AA730619223B242A00248F78 /* Release */,
			);
			defaultConfigurationIsVisible = 0;
			defaultConfigurationName = Release;
		};
		AA73061A223B242A00248F78 /* Build configuration list for PBXNativeTarget "PhotosTests" */ = {
			isa = XCConfigurationList;
			buildConfigurations = (
				AA73061B223B242A00248F78 /* Debug */,
				AA73061C223B242A00248F78 /* Release */,
			);
			defaultConfigurationIsVisible = 0;
			defaultConfigurationName = Release;
		};
		AA73061D223B242A00248F78 /* Build configuration list for PBXNativeTarget "PhotosUITests" */ = {
			isa = XCConfigurationList;
			buildConfigurations = (
				AA73061E223B242A00248F78 /* Debug */,
				AA73061F223B242A00248F78 /* Release */,
			);
			defaultConfigurationIsVisible = 0;
			defaultConfigurationName = Release;
		};
/* End XCConfigurationList section */

/* Begin XCVersionGroup section */
		AA7305F6223B242800248F78 /* Photos.xcdatamodeld */ = {
			isa = XCVersionGroup;
			children = (
				AA7305F7223B242800248F78 /* Photos.xcdatamodel */,
			);
			currentVersion = AA7305F7223B242800248F78 /* Photos.xcdatamodel */;
			path = Photos.xcdatamodeld;
			sourceTree = "<group>";
			versionGroupType = wrapper.xcdatamodel;
		};
/* End XCVersionGroup section */
	};
	rootObject = AA7305E4223B242800248F78 /* Project object */;
}
